{
  "requires": true,
  "lockfileVersion": 1,
  "dependencies": {
    "react-hook-speech-to-text": {
      "version": "0.6.0",
      "resolved": "https://registry.npmjs.org/react-hook-speech-to-text/-/react-hook-speech-to-text-0.6.0.tgz",
      "integrity": "sha512-rYUxwkUYBiq2qPqBqpZHiHM0HE5y1uzirdJOJ+vQ4oj3rcv8TafyVVwhbCiXmOduuCGlJ0S1tHYtchRsfY9xfA=="
    },
    "react-speech-recognition": {
      "version": "3.8.0",
      "resolved": "https://registry.npmjs.org/react-speech-recognition/-/react-speech-recognition-3.8.0.tgz",
      "integrity": "sha512-mQ5oVQPt2l95/YKuaB+vGdDCuOKJS/ezwALWgo0w1+/CT3N2jxAdkOzeqvJiBmCLf263sCbkJ/L4fI8R1ij2IA=="
    }
  }
}
